
Microsoft Visual Studio Solution File, Format Version 12.00
# Visual Studio Version 17
VisualStudioVersion = 17.14.36401.2 d17.14
MinimumVisualStudioVersion = 10.0.40219.1
Project("{FAE04EC0-301F-11D3-BF4B-00C04F79EFBC}") = "AirLineReservation", "AirLineReservation\AirLineReservation.csproj", "{4104F9EA-6F1D-4DEC-95E4-22CF32C48264}"
EndProject
Global
	GlobalSection(SolutionConfigurationPlatforms) = preSolution
		Debug|Any CPU = Debug|Any CPU
		Release|Any CPU = Release|Any CPU
	EndGlobalSection
	GlobalSection(ProjectConfigurationPlatforms) = postSolution
		{4104F9EA-6F1D-4DEC-95E4-22CF32C48264}.Debug|Any CPU.ActiveCfg = Debug|Any CPU
		{4104F9EA-6F1D-4DEC-95E4-22CF32C48264}.Debug|Any CPU.Build.0 = Debug|Any CPU
		{4104F9EA-6F1D-4DEC-95E4-22CF32C48264}.Release|Any CPU.ActiveCfg = Release|Any CPU
		{4104F9EA-6F1D-4DEC-95E4-22CF32C48264}.Release|Any CPU.Build.0 = Release|Any CPU
	EndGlobalSection
	GlobalSection(SolutionProperties) = preSolution
		HideSolutionNode = FALSE
	EndGlobalSection
	GlobalSection(ExtensibilityGlobals) = postSolution
		SolutionGuid = {6CDA207F-C4D5-4758-A29D-79FACA3CF926}
	EndGlobalSection
EndGlobal
